Microsoft Visual Studio Solution File, Format Version 12.00
# Visual Studio Version 17
VisualStudioVersion = 17.5.2.0
MinimumVisualStudioVersion = 10.0.40219.1
Project("{FAE04EC0-301F-11D3-BF4B-00C04F79EFBC}") = "LogiWheel", "LogiWheel.csproj", "{357852CC-1733-8426-0FC5-972B837520CA}"
EndProject
Global
	GlobalSection(SolutionConfigurationPlatforms) = preSolution
		Debug|Any CPU = Debug|Any CPU
		Release|Any CPU = Release|Any CPU
	EndGlobalSection
	GlobalSection(ProjectConfigurationPlatforms) = postSolution
		{357852CC-1733-8426-0FC5-972B837520CA}.Debug|Any CPU.ActiveCfg = Debug|Any CPU
		{357852CC-1733-8426-0FC5-972B837520CA}.Debug|Any CPU.Build.0 = Debug|Any CPU
		{357852CC-1733-8426-0FC5-972B837520CA}.Release|Any CPU.ActiveCfg = Release|Any CPU
		{357852CC-1733-8426-0FC5-972B837520CA}.Release|Any CPU.Build.0 = Release|Any CPU
	EndGlobalSection
	GlobalSection(SolutionProperties) = preSolution
		HideSolutionNode = FALSE
	EndGlobalSection
	GlobalSection(ExtensibilityGlobals) = postSolution
		SolutionGuid = {329A99F8-1EFC-483F-99AD-4E6B87A6C4CC}
	EndGlobalSection
EndGlobal
